
Microsoft Visual Studio Solution File, Format Version 12.00
# Visual Studio Version 17
VisualStudioVersion = 17.6.33829.357
MinimumVisualStudioVersion = 10.0.40219.1
Project("{FAE04EC0-301F-11D3-BF4B-00C04F79EFBC}") = "MyFirstProgram", "MyFirstProgram\MyFirstProgram.csproj", "{03AD2FED-0B01-4EA5-AC1E-00901A0934BB}"
EndProject
Global
	GlobalSection(SolutionConfigurationPlatforms) = preSolution
		Debug|Any CPU = Debug|Any CPU
		Release|Any CPU = Release|Any CPU
	EndGlobalSection
	GlobalSection(ProjectConfigurationPlatforms) = postSolution
		{03AD2FED-0B01-4EA5-AC1E-00901A0934BB}.Debug|Any CPU.ActiveCfg = Debug|Any CPU
		{03AD2FED-0B01-4EA5-AC1E-00901A0934BB}.Debug|Any CPU.Build.0 = Debug|Any CPU
		{03AD2FED-0B01-4EA5-AC1E-00901A0934BB}.Release|Any CPU.ActiveCfg = Release|Any CPU
		{03AD2FED-0B01-4EA5-AC1E-00901A0934BB}.Release|Any CPU.Build.0 = Release|Any CPU
	EndGlobalSection
	GlobalSection(SolutionProperties) = preSolution
		HideSolutionNode = FALSE
	EndGlobalSection
	GlobalSection(ExtensibilityGlobals) = postSolution
		SolutionGuid = {44B499B5-FA07-4FB8-9070-BC4015476FA4}
	EndGlobalSection
EndGlobal
